
Microsoft Visual Studio Solution File, Format Version 12.00
# Visual Studio Version 17
VisualStudioVersion = 17.4.33122.133
MinimumVisualStudioVersion = 10.0.40219.1
Project("{F14B399A-7131-4C87-9E4B-1186C45EF12D}") = "Report Project2", "Report Project2.rptproj", "{38567A7F-E395-4C26-80F2-9E0ABFC5EB35}"
EndProject
Global
	GlobalSection(SolutionConfigurationPlatforms) = preSolution
		Debug|Default = Debug|Default
		DebugLocal|Default = DebugLocal|Default
		Release|Default = Release|Default
	EndGlobalSection
	GlobalSection(ProjectConfigurationPlatforms) = postSolution
		{38567A7F-E395-4C26-80F2-9E0ABFC5EB35}.Debug|Default.ActiveCfg = Debug
		{38567A7F-E395-4C26-80F2-9E0ABFC5EB35}.Debug|Default.Build.0 = Debug
		{38567A7F-E395-4C26-80F2-9E0ABFC5EB35}.Debug|Default.Deploy.0 = Debug
		{38567A7F-E395-4C26-80F2-9E0ABFC5EB35}.DebugLocal|Default.ActiveCfg = DebugLocal
		{38567A7F-E395-4C26-80F2-9E0ABFC5EB35}.DebugLocal|Default.Build.0 = DebugLocal
		{38567A7F-E395-4C26-80F2-9E0ABFC5EB35}.Release|Default.ActiveCfg = Release
		{38567A7F-E395-4C26-80F2-9E0ABFC5EB35}.Release|Default.Build.0 = Release
		{38567A7F-E395-4C26-80F2-9E0ABFC5EB35}.Release|Default.Deploy.0 = Release
	EndGlobalSection
	GlobalSection(SolutionProperties) = preSolution
		HideSolutionNode = FALSE
	EndGlobalSection
	GlobalSection(ExtensibilityGlobals) = postSolution
		SolutionGuid = {79C2B239-86F8-4220-9915-B9FBDB8652BC}
	EndGlobalSection
EndGlobal
